
Microsoft Visual Studio Solution File, Format Version 12.00
# Visual Studio 15
VisualStudioVersion = 15.0.28010.2026
MinimumVisualStudioVersion = 10.0.40219.1
Project("{FAE04EC0-301F-11D3-BF4B-00C04F79EFBC}") = "Exceptions", "Exceptions\Exceptions.csproj", "{D9F23EB4-B46D-4E05-ADEF-766C3E629C30}"
EndProject
Global
	GlobalSection(SolutionConfigurationPlatforms) = preSolution
		Debug|Any CPU = Debug|Any CPU
		Release|Any CPU = Release|Any CPU
	EndGlobalSection
	GlobalSection(ProjectConfigurationPlatforms) = postSolution
		{D9F23EB4-B46D-4E05-ADEF-766C3E629C30}.Debug|Any CPU.ActiveCfg = Debug|Any CPU
		{D9F23EB4-B46D-4E05-ADEF-766C3E629C30}.Debug|Any CPU.Build.0 = Debug|Any CPU
		{D9F23EB4-B46D-4E05-ADEF-766C3E629C30}.Release|Any CPU.ActiveCfg = Release|Any CPU
		{D9F23EB4-B46D-4E05-ADEF-766C3E629C30}.Release|Any CPU.Build.0 = Release|Any CPU
	EndGlobalSection
	GlobalSection(SolutionProperties) = preSolution
		HideSolutionNode = FALSE
	EndGlobalSection
	GlobalSection(ExtensibilityGlobals) = postSolution
		SolutionGuid = {1EC42D21-49F7-4372-8CC3-0A2747D8D8A2}
	EndGlobalSection
EndGlobal
