
Microsoft Visual Studio Solution File, Format Version 12.00
# Visual Studio 15
VisualStudioVersion = 15.0.28010.2026
MinimumVisualStudioVersion = 10.0.40219.1
Project("{FAE04EC0-301F-11D3-BF4B-00C04F79EFBC}") = "Functions", "Functions\Functions.csproj", "{8BBFFFB6-76BA-44AA-BA7E-36A8C15BB6D4}"
EndProject
Global
	GlobalSection(SolutionConfigurationPlatforms) = preSolution
		Debug|Any CPU = Debug|Any CPU
		Release|Any CPU = Release|Any CPU
	EndGlobalSection
	GlobalSection(ProjectConfigurationPlatforms) = postSolution
		{8BBFFFB6-76BA-44AA-BA7E-36A8C15BB6D4}.Debug|Any CPU.ActiveCfg = Debug|Any CPU
		{8BBFFFB6-76BA-44AA-BA7E-36A8C15BB6D4}.Debug|Any CPU.Build.0 = Debug|Any CPU
		{8BBFFFB6-76BA-44AA-BA7E-36A8C15BB6D4}.Release|Any CPU.ActiveCfg = Release|Any CPU
		{8BBFFFB6-76BA-44AA-BA7E-36A8C15BB6D4}.Release|Any CPU.Build.0 = Release|Any CPU
	EndGlobalSection
	GlobalSection(SolutionProperties) = preSolution
		HideSolutionNode = FALSE
	EndGlobalSection
	GlobalSection(ExtensibilityGlobals) = postSolution
		SolutionGuid = {A224E4AE-42EA-4229-9F9C-597BD91B0156}
	EndGlobalSection
EndGlobal
